<?xml version="1.0" encoding="utf-8"?>
<Project ToolsVersion="4.0" xmlns="http://schemas.microsoft.com/developer/msbuild/2003">
  <ItemGroup>
    <Filter Include="资源文件">
      <UniqueIdentifier>{67DA6AB6-F800-4c08-8B7A-83BB121AAD01}</UniqueIdentifier>
      <Extensions>rc;ico;cur;bmp;dlg;rc2;rct;bin;rgs;gif;jpg;jpeg;jpe;resx;tiff;tif;png;wav;mfcribbon-ms</Extensions>
    </Filter>
    <Filter Include="Engine">
      <UniqueIdentifier>{ba9ae43c-2d76-46ac-8a4a-f2dee049c386}</UniqueIdentifier>
    </Filter>
    <Filter Include="Engine\render">
      <UniqueIdentifier>{0d4c5e5b-b6cb-47e7-9c52-3f0266ea674d}</UniqueIdentifier>
    </Filter>
    <Filter Include="Engine\core">
      <UniqueIdentifier>{d4003ee8-2184-41cc-8211-d293aba45fb2}</UniqueIdentifier>
    </Filter>
    <Filter Include="Engine\input">
      <UniqueIdentifier>{76df60f5-2af0-4bc6-8a4b-3a85f6114280}</UniqueIdentifier>
    </Filter>
    <Filter Include="Engine\pool">
      <UniqueIdentifier>{e3a3d930-9b5f-4ef0-9a99-947b56c3fe7d}</UniqueIdentifier>
    </Filter>
    <Filter Include="src">
      <UniqueIdentifier>{045bc3a5-4fdc-4e80-b6de-270bf0b548dc}</UniqueIdentifier>
    </Filter>
    <Filter Include="src\state">
      <UniqueIdentifier>{e37449d2-771a-49f5-bb4c-e419fecb45d7}</UniqueIdentifier>
    </Filter>
    <Filter Include="src\UI">
      <UniqueIdentifier>{38c1461a-8a6a-478e-9b98-34fb6121c7df}</UniqueIdentifier>
    </Filter>
    <Filter Include="src\Object">
      <UniqueIdentifier>{06b3e83d-5fa7-4d85-ab2e-adbd65322b1e}</UniqueIdentifier>
    </Filter>
    <Filter Include="src\Config">
      <UniqueIdentifier>{7623560b-e5b2-4c5f-acd0-ef9fad7bf737}</UniqueIdentifier>
    </Filter>
    <Filter Include="Engine\Net">
      <UniqueIdentifier>{1a34db79-6c1e-4660-9e4f-daa46ff9cbe3}</UniqueIdentifier>
    </Filter>
    <Filter Include="src\Game">
      <UniqueIdentifier>{fb63a977-5b28-449d-b522-a8412ae1bbee}</UniqueIdentifier>
    </Filter>
    <Filter Include="src\state\SpecificState">
      <UniqueIdentifier>{a9082f70-4c20-4e81-a9b7-feaeb0d3985b}</UniqueIdentifier>
    </Filter>
    <Filter Include="src\UI\SpecificUI">
      <UniqueIdentifier>{0230ce80-f933-4246-a832-48054b3b4c00}</UniqueIdentifier>
    </Filter>
    <Filter Include="Engine\resource">
      <UniqueIdentifier>{e8c16316-ff28-4a50-b3cb-ac7abe5bf92b}</UniqueIdentifier>
    </Filter>
  </ItemGroup>
  <ItemGroup>
    <ClCompile Include="..\engine\render\Renderer.cpp">
      <Filter>Engine\render</Filter>
    </ClCompile>
    <ClCompile Include="..\engine\core\EventManager.cpp">
      <Filter>Engine\core</Filter>
    </ClCompile>
    <ClCompile Include="..\engine\input\Input.cpp">
      <Filter>Engine\input</Filter>
    </ClCompile>
    <ClCompile Include="Player.cpp">
      <Filter>src\Object</Filter>
    </ClCompile>
    <ClCompile Include="Game.cpp">
      <Filter>src\Game</Filter>
    </ClCompile>
    <ClCompile Include="main.cpp">
      <Filter>src\Game</Filter>
    </ClCompile>
    <ClCompile Include="MenuState.cpp">
      <Filter>src\state\SpecificState</Filter>
    </ClCompile>
    <ClCompile Include="PlayingState.cpp">
      <Filter>src\state\SpecificState</Filter>
    </ClCompile>
    <ClCompile Include="Botton.cpp">
      <Filter>src\UI</Filter>
    </ClCompile>
    <ClCompile Include="MenuUI.cpp">
      <Filter>src\UI\SpecificUI</Filter>
    </ClCompile>
    <ClCompile Include="PlayingUI.cpp">
      <Filter>src\UI\SpecificUI</Filter>
    </ClCompile>
    <ClCompile Include="WonState.cpp">
      <Filter>src\state\SpecificState</Filter>
    </ClCompile>
    <ClCompile Include="LoseState.cpp">
      <Filter>src\state\SpecificState</Filter>
    </ClCompile>
    <ClCompile Include="WonUI.cpp">
      <Filter>src\UI\SpecificUI</Filter>
    </ClCompile>
    <ClCompile Include="LoseUI.cpp">
      <Filter>src\UI\SpecificUI</Filter>
    </ClCompile>
    <ClCompile Include="Resource.cpp">
      <Filter>Engine\resource</Filter>
    </ClCompile>
  </ItemGroup>
  <ItemGroup>
    <ClInclude Include="MenuState.h">
      <Filter>src\state\SpecificState</Filter>
    </ClInclude>
    <ClInclude Include="PauseState.h">
      <Filter>src\state\SpecificState</Filter>
    </ClInclude>
    <ClInclude Include="PlayingState.h">
      <Filter>src\state\SpecificState</Filter>
    </ClInclude>
    <ClInclude Include="MenuUI.h">
      <Filter>src\UI\SpecificUI</Filter>
    </ClInclude>
    <ClInclude Include="PlayingUI.h">
      <Filter>src\UI\SpecificUI</Filter>
    </ClInclude>
    <ClInclude Include="..\engine\core\EventManager.h">
      <Filter>Engine\core</Filter>
    </ClInclude>
    <ClInclude Include="..\engine\core\EventType.h">
      <Filter>Engine\core</Filter>
    </ClInclude>
    <ClInclude Include="..\engine\core\SubscriptionId.h">
      <Filter>Engine\core</Filter>
    </ClInclude>
    <ClInclude Include="..\engine\core\Timer.h">
      <Filter>Engine\core</Filter>
    </ClInclude>
    <ClInclude Include="..\engine\input\Input.h">
      <Filter>Engine\input</Filter>
    </ClInclude>
    <ClInclude Include="..\engine\render\Animation.h">
      <Filter>Engine\render</Filter>
    </ClInclude>
    <ClInclude Include="..\engine\render\Camera.h">
      <Filter>Engine\render</Filter>
    </ClInclude>
    <ClInclude Include="..\engine\core\StateMachine.h">
      <Filter>Engine\core</Filter>
    </ClInclude>
    <ClInclude Include="Config.h">
      <Filter>src\Config</Filter>
    </ClInclude>
    <ClInclude Include="..\engine\net\Net.h">
      <Filter>Engine\Net</Filter>
    </ClInclude>
    <ClInclude Include="Enemy.h">
      <Filter>src\Object</Filter>
    </ClInclude>
    <ClInclude Include="Object.h">
      <Filter>src\Object</Filter>
    </ClInclude>
    <ClInclude Include="Player.h">
      <Filter>src\Object</Filter>
    </ClInclude>
    <ClInclude Include="Tile.h">
      <Filter>src\Object</Filter>
    </ClInclude>
    <ClInclude Include="Game.h">
      <Filter>src\Game</Filter>
    </ClInclude>
    <ClInclude Include="Botton.h">
      <Filter>src\UI</Filter>
    </ClInclude>
    <ClInclude Include="TileMap.h">
      <Filter>src\Object</Filter>
    </ClInclude>
    <ClInclude Include="GameStateFactory.h">
      <Filter>src\state</Filter>
    </ClInclude>
    <ClInclude Include="StateType.h">
      <Filter>src\state</Filter>
    </ClInclude>
    <ClInclude Include="..\engine\core\State.h">
      <Filter>Engine\core</Filter>
    </ClInclude>
    <ClInclude Include="UIType.h">
      <Filter>src\UI</Filter>
    </ClInclude>
    <ClInclude Include="UIStateFactory.h">
      <Filter>src\UI</Filter>
    </ClInclude>
    <ClInclude Include="..\engine\pool\ObjectPool.h">
      <Filter>Engine\pool</Filter>
    </ClInclude>
    <ClInclude Include="..\engine\pool\ThreadPool.h">
      <Filter>Engine\pool</Filter>
    </ClInclude>
    <ClInclude Include="..\engine\core\UI.h">
      <Filter>Engine\core</Filter>
    </ClInclude>
    <ClInclude Include="..\engine\core\UIManager.h">
      <Filter>Engine\core</Filter>
    </ClInclude>
    <ClInclude Include="WonState.h">
      <Filter>src\state\SpecificState</Filter>
    </ClInclude>
    <ClInclude Include="..\engine\render\Renderer.h">
      <Filter>Engine\render</Filter>
    </ClInclude>
    <ClInclude Include="LoseState.h">
      <Filter>src\state\SpecificState</Filter>
    </ClInclude>
    <ClInclude Include="WonUI.h">
      <Filter>src\UI\SpecificUI</Filter>
    </ClInclude>
    <ClInclude Include="LoseUI.h">
      <Filter>src\UI\SpecificUI</Filter>
    </ClInclude>
    <ClInclude Include="..\engine\resource\Resource.h">
      <Filter>Engine\resource</Filter>
    </ClInclude>
    <ClInclude Include="TextureAtlas.h">
      <Filter>Engine\render</Filter>
    </ClInclude>
    <ClInclude Include="MapLoader.h">
      <Filter>src\Object</Filter>
    </ClInclude>
  </ItemGroup>
</Project>